
Microsoft Visual Studio Solution File, Format Version 12.00
# Visual Studio Version 17
VisualStudioVersion = 17.9.34723.18
MinimumVisualStudioVersion = 10.0.40219.1
Project("{9A19103F-16F7-4668-BE54-9A1E7A4F7556}") = "Zadanie_22_1", "Zadanie_22_1\Zadanie_22_1.csproj", "{3F762719-B84C-4CB0-A8BA-B13D739BB4FF}"
EndProject
Project("{FAE04EC0-301F-11D3-BF4B-00C04F79EFBC}") = "Zadanie_22_2", "Zadanie_22_2\Zadanie_22_2.csproj", "{45A6E6DD-CB3B-49E6-8FF8-95D6A2900F70}"
EndProject
Project("{FAE04EC0-301F-11D3-BF4B-00C04F79EFBC}") = "Zadanie_22_3", "Zadanie_22_3\Zadanie_22_3.csproj", "{F88C2630-0390-4D26-881A-DF8D6818B6A7}"
EndProject
Project("{FAE04EC0-301F-11D3-BF4B-00C04F79EFBC}") = "Zadanie_22_4", "Zadanie_22_4\Zadanie_22_4.csproj", "{661A13D7-6C45-4BF8-B6B1-991835FECDDD}"
EndProject
Global
	GlobalSection(SolutionConfigurationPlatforms) = preSolution
		Debug|Any CPU = Debug|Any CPU
		Release|Any CPU = Release|Any CPU
	EndGlobalSection
	GlobalSection(ProjectConfigurationPlatforms) = postSolution
		{3F762719-B84C-4CB0-A8BA-B13D739BB4FF}.Debug|Any CPU.ActiveCfg = Debug|Any CPU
		{3F762719-B84C-4CB0-A8BA-B13D739BB4FF}.Debug|Any CPU.Build.0 = Debug|Any CPU
		{3F762719-B84C-4CB0-A8BA-B13D739BB4FF}.Release|Any CPU.ActiveCfg = Release|Any CPU
		{3F762719-B84C-4CB0-A8BA-B13D739BB4FF}.Release|Any CPU.Build.0 = Release|Any CPU
		{45A6E6DD-CB3B-49E6-8FF8-95D6A2900F70}.Debug|Any CPU.ActiveCfg = Debug|Any CPU
		{45A6E6DD-CB3B-49E6-8FF8-95D6A2900F70}.Debug|Any CPU.Build.0 = Debug|Any CPU
		{45A6E6DD-CB3B-49E6-8FF8-95D6A2900F70}.Release|Any CPU.ActiveCfg = Release|Any CPU
		{45A6E6DD-CB3B-49E6-8FF8-95D6A2900F70}.Release|Any CPU.Build.0 = Release|Any CPU
		{F88C2630-0390-4D26-881A-DF8D6818B6A7}.Debug|Any CPU.ActiveCfg = Debug|Any CPU
		{F88C2630-0390-4D26-881A-DF8D6818B6A7}.Debug|Any CPU.Build.0 = Debug|Any CPU
		{F88C2630-0390-4D26-881A-DF8D6818B6A7}.Release|Any CPU.ActiveCfg = Release|Any CPU
		{F88C2630-0390-4D26-881A-DF8D6818B6A7}.Release|Any CPU.Build.0 = Release|Any CPU
		{661A13D7-6C45-4BF8-B6B1-991835FECDDD}.Debug|Any CPU.ActiveCfg = Debug|Any CPU
		{661A13D7-6C45-4BF8-B6B1-991835FECDDD}.Debug|Any CPU.Build.0 = Debug|Any CPU
		{661A13D7-6C45-4BF8-B6B1-991835FECDDD}.Release|Any CPU.ActiveCfg = Release|Any CPU
		{661A13D7-6C45-4BF8-B6B1-991835FECDDD}.Release|Any CPU.Build.0 = Release|Any CPU
	EndGlobalSection
	GlobalSection(SolutionProperties) = preSolution
		HideSolutionNode = FALSE
	EndGlobalSection
	GlobalSection(ExtensibilityGlobals) = postSolution
		SolutionGuid = {1272BC76-A745-4E78-9F8B-E81C2A9DF5BC}
	EndGlobalSection
EndGlobal
