
Microsoft Visual Studio Solution File, Format Version 12.00
# Visual Studio Version 16
VisualStudioVersion = 25.0.1706.9
MinimumVisualStudioVersion = 10.0.40219.1
Project("{FAE04EC0-301F-11D3-BF4B-00C04F79EFBC}") = "Zadanie_7_1", "Zadanie_7_1\Zadanie_7_1.csproj", "{B38F2A51-1D16-472E-B018-B2A489B19214}"
EndProject
Project("{FAE04EC0-301F-11D3-BF4B-00C04F79EFBC}") = "Zadanie_7_2", "Zadanie_7_2\Zadanie_7_2.csproj", "{C87DB632-CECA-42AE-B6BD-94E2EDCF1983}"
EndProject
Project("{FAE04EC0-301F-11D3-BF4B-00C04F79EFBC}") = "Zadanie_7_3", "Zadanie_7_3\Zadanie_7_3.csproj", "{472F1F8D-DDF2-49A2-9121-79A5086B7B42}"
EndProject
Global
	GlobalSection(SolutionConfigurationPlatforms) = preSolution
		Debug|Any CPU = Debug|Any CPU
		Release|Any CPU = Release|Any CPU
	EndGlobalSection
	GlobalSection(ProjectConfigurationPlatforms) = postSolution
		{B38F2A51-1D16-472E-B018-B2A489B19214}.Debug|Any CPU.ActiveCfg = Debug|Any CPU
		{B38F2A51-1D16-472E-B018-B2A489B19214}.Debug|Any CPU.Build.0 = Debug|Any CPU
		{B38F2A51-1D16-472E-B018-B2A489B19214}.Release|Any CPU.ActiveCfg = Release|Any CPU
		{B38F2A51-1D16-472E-B018-B2A489B19214}.Release|Any CPU.Build.0 = Release|Any CPU
		{C87DB632-CECA-42AE-B6BD-94E2EDCF1983}.Debug|Any CPU.ActiveCfg = Debug|Any CPU
		{C87DB632-CECA-42AE-B6BD-94E2EDCF1983}.Debug|Any CPU.Build.0 = Debug|Any CPU
		{C87DB632-CECA-42AE-B6BD-94E2EDCF1983}.Release|Any CPU.ActiveCfg = Release|Any CPU
		{C87DB632-CECA-42AE-B6BD-94E2EDCF1983}.Release|Any CPU.Build.0 = Release|Any CPU
		{472F1F8D-DDF2-49A2-9121-79A5086B7B42}.Debug|Any CPU.ActiveCfg = Debug|Any CPU
		{472F1F8D-DDF2-49A2-9121-79A5086B7B42}.Debug|Any CPU.Build.0 = Debug|Any CPU
		{472F1F8D-DDF2-49A2-9121-79A5086B7B42}.Release|Any CPU.ActiveCfg = Release|Any CPU
		{472F1F8D-DDF2-49A2-9121-79A5086B7B42}.Release|Any CPU.Build.0 = Release|Any CPU
	EndGlobalSection
	GlobalSection(SolutionProperties) = preSolution
		HideSolutionNode = FALSE
	EndGlobalSection
	GlobalSection(ExtensibilityGlobals) = postSolution
		SolutionGuid = {6BA8E190-0B87-4DB7-AA69-2CA60D6FDC4C}
	EndGlobalSection
EndGlobal
