
Microsoft Visual Studio Solution File, Format Version 12.00
# Visual Studio Version 17
VisualStudioVersion = 17.9.34723.18
MinimumVisualStudioVersion = 10.0.40219.1
Project("{FAE04EC0-301F-11D3-BF4B-00C04F79EFBC}") = "Zadanie_25_1", "Zadanie_25_1\Zadanie_25_1.csproj", "{1C9F6DD9-2EDB-4C53-BEA5-1788463FDA5F}"
EndProject
Project("{FAE04EC0-301F-11D3-BF4B-00C04F79EFBC}") = "Zadanie_25_2", "Zadanie_25_2\Zadanie_25_2.csproj", "{C41CE4AA-4C4A-4ADB-B8F6-6CC853431FE2}"
EndProject
Global
	GlobalSection(SolutionConfigurationPlatforms) = preSolution
		Debug|Any CPU = Debug|Any CPU
		Release|Any CPU = Release|Any CPU
	EndGlobalSection
	GlobalSection(ProjectConfigurationPlatforms) = postSolution
		{1C9F6DD9-2EDB-4C53-BEA5-1788463FDA5F}.Debug|Any CPU.ActiveCfg = Debug|Any CPU
		{1C9F6DD9-2EDB-4C53-BEA5-1788463FDA5F}.Debug|Any CPU.Build.0 = Debug|Any CPU
		{1C9F6DD9-2EDB-4C53-BEA5-1788463FDA5F}.Release|Any CPU.ActiveCfg = Release|Any CPU
		{1C9F6DD9-2EDB-4C53-BEA5-1788463FDA5F}.Release|Any CPU.Build.0 = Release|Any CPU
		{C41CE4AA-4C4A-4ADB-B8F6-6CC853431FE2}.Debug|Any CPU.ActiveCfg = Debug|Any CPU
		{C41CE4AA-4C4A-4ADB-B8F6-6CC853431FE2}.Debug|Any CPU.Build.0 = Debug|Any CPU
		{C41CE4AA-4C4A-4ADB-B8F6-6CC853431FE2}.Release|Any CPU.ActiveCfg = Release|Any CPU
		{C41CE4AA-4C4A-4ADB-B8F6-6CC853431FE2}.Release|Any CPU.Build.0 = Release|Any CPU
	EndGlobalSection
	GlobalSection(SolutionProperties) = preSolution
		HideSolutionNode = FALSE
	EndGlobalSection
	GlobalSection(ExtensibilityGlobals) = postSolution
		SolutionGuid = {DE2E5AC9-878E-42AB-9EC9-3DBB0ABF7AB7}
	EndGlobalSection
EndGlobal
